
Microsoft Visual Studio Solution File, Format Version 12.00
# Visual Studio Version 16
VisualStudioVersion = 16.0.30621.155
MinimumVisualStudioVersion = 10.0.40219.1
Project("{FAE04EC0-301F-11D3-BF4B-00C04F79EFBC}") = "Lab7_Pitsyk_IPZ", "Lab7_Pitsyk_IPZ\Lab7_Pitsyk_IPZ.csproj", "{47563AC0-BCA4-4ADA-A5D9-EB48802FA265}"
EndProject
Global
	GlobalSection(SolutionConfigurationPlatforms) = preSolution
		Debug|Any CPU = Debug|Any CPU
		Release|Any CPU = Release|Any CPU
	EndGlobalSection
	GlobalSection(ProjectConfigurationPlatforms) = postSolution
		{47563AC0-BCA4-4ADA-A5D9-EB48802FA265}.Debug|Any CPU.ActiveCfg = Debug|Any CPU
		{47563AC0-BCA4-4ADA-A5D9-EB48802FA265}.Debug|Any CPU.Build.0 = Debug|Any CPU
		{47563AC0-BCA4-4ADA-A5D9-EB48802FA265}.Release|Any CPU.ActiveCfg = Release|Any CPU
		{47563AC0-BCA4-4ADA-A5D9-EB48802FA265}.Release|Any CPU.Build.0 = Release|Any CPU
	EndGlobalSection
	GlobalSection(SolutionProperties) = preSolution
		HideSolutionNode = FALSE
	EndGlobalSection
	GlobalSection(ExtensibilityGlobals) = postSolution
		SolutionGuid = {92F14BCB-11FA-44F8-BAA2-EA42B27CA290}
	EndGlobalSection
EndGlobal
